
Microsoft Visual Studio Solution File, Format Version 12.00
# Visual Studio Version 17
VisualStudioVersion = 17.5.33414.496
MinimumVisualStudioVersion = 10.0.40219.1
Project("{9A19103F-16F7-4668-BE54-9A1E7A4F7556}") = "WeatherAPI", "WeatherAPI\WeatherAPI.csproj", "{79A32240-2F4F-46FE-9757-7C777D39B002}"
EndProject
Project("{2150E333-8FDC-42A3-9474-1A3956D46DE8}") = "Solution Items", "Solution Items", "{0521102F-6841-4119-85D2-AD88D35885C3}"
	ProjectSection(SolutionItems) = preProject
		Startup.cs = Startup.cs
	EndProjectSection
EndProject
Global
	GlobalSection(SolutionConfigurationPlatforms) = preSolution
		Debug|Any CPU = Debug|Any CPU
		Release|Any CPU = Release|Any CPU
	EndGlobalSection
	GlobalSection(ProjectConfigurationPlatforms) = postSolution
		{79A32240-2F4F-46FE-9757-7C777D39B002}.Debug|Any CPU.ActiveCfg = Debug|Any CPU
		{79A32240-2F4F-46FE-9757-7C777D39B002}.Debug|Any CPU.Build.0 = Debug|Any CPU
		{79A32240-2F4F-46FE-9757-7C777D39B002}.Release|Any CPU.ActiveCfg = Release|Any CPU
		{79A32240-2F4F-46FE-9757-7C777D39B002}.Release|Any CPU.Build.0 = Release|Any CPU
	EndGlobalSection
	GlobalSection(SolutionProperties) = preSolution
		HideSolutionNode = FALSE
	EndGlobalSection
	GlobalSection(ExtensibilityGlobals) = postSolution
		SolutionGuid = {2E90338B-8FB9-429A-A344-93F920B3DA5F}
	EndGlobalSection
EndGlobal
